{
    "_readme": [
        "This file locks the dependencies of your project to a known state",
        "Read more about it at https://getcomposer.org/doc/01-basic-usage.md#installing-dependencies",
        "This file is @generated automatically"
    ],
    "content-hash": "1d1f3521bfb954ae9a209709741d0431",
    "packages": [
        {
            "name": "solenoid/vector",
            "version": "v1.0.0",
            "source": {
                "type": "git",
                "url": "https://github.com/Solenoid-IT/php-vector.git",
                "reference": "c2841dcbff98160430e77974b21a14929ad1caa6"
            },
            "dist": {
                "type": "zip",
                "url": "https://api.github.com/repos/Solenoid-IT/php-vector/zipball/c2841dcbff98160430e77974b21a14929ad1caa6",
                "reference": "c2841dcbff98160430e77974b21a14929ad1caa6",
                "shasum": ""
            },
            "require": {
                "php": ">=7.3"
            },
            "type": "library",
            "autoload": {
                "psr-4": {
                    "Solenoid\\Vector\\": "src"
                }
            },
            "notification-url": "https://packagist.org/downloads/",
            "license": [
                "MIT"
            ],
            "authors": [
                {
                    "name": "Pier Niccolò Giannelli",
                    "email": "pierniccologiannelli@gmail.com",
                    "homepage": "https://www.solenoid.it",
                    "role": "Full Stack Web Developer"
                }
            ],
            "description": "Vector library",
            "homepage": "https://github.com/Solenoid-IT/php-vector",
            "keywords": [
                "vector"
            ],
            "support": {
                "issues": "https://github.com/Solenoid-IT/php-vector/issues",
                "source": "https://github.com/Solenoid-IT/php-vector/tree/v1.0.0"
            },
            "time": "2023-12-08T13:56:34+00:00"
        }
    ],
    "packages-dev": [],
    "aliases": [],
    "minimum-stability": "stable",
    "stability-flags": [],
    "prefer-stable": false,
    "prefer-lowest": false,
    "platform": {
        "php": ">=7.3"
    },
    "platform-dev": [],
    "plugin-api-version": "2.3.0"
}
